
Microsoft Visual Studio Solution File, Format Version 12.00
# Visual Studio Version 16
VisualStudioVersion = 16.0.30804.86
MinimumVisualStudioVersion = 10.0.40219.1
Project("{FAE04EC0-301F-11D3-BF4B-00C04F79EFBC}") = "LibraryTry3", "LibraryTry3.csproj", "{2D004A37-D0BC-4769-BB8D-AFA1F5E25C0C}"
EndProject
Global
	GlobalSection(SolutionConfigurationPlatforms) = preSolution
		Debug|Any CPU = Debug|Any CPU
		Release|Any CPU = Release|Any CPU
	EndGlobalSection
	GlobalSection(ProjectConfigurationPlatforms) = postSolution
		{2D004A37-D0BC-4769-BB8D-AFA1F5E25C0C}.Debug|Any CPU.ActiveCfg = Debug|Any CPU
		{2D004A37-D0BC-4769-BB8D-AFA1F5E25C0C}.Debug|Any CPU.Build.0 = Debug|Any CPU
		{2D004A37-D0BC-4769-BB8D-AFA1F5E25C0C}.Release|Any CPU.ActiveCfg = Release|Any CPU
		{2D004A37-D0BC-4769-BB8D-AFA1F5E25C0C}.Release|Any CPU.Build.0 = Release|Any CPU
	EndGlobalSection
	GlobalSection(SolutionProperties) = preSolution
		HideSolutionNode = FALSE
	EndGlobalSection
	GlobalSection(ExtensibilityGlobals) = postSolution
		SolutionGuid = {0D10E909-820D-421D-897E-BB8E3AB40590}
	EndGlobalSection
EndGlobal
